
Microsoft Visual Studio Solution File, Format Version 12.00
# Visual Studio 15
VisualStudioVersion = 15.0.28307.572
MinimumVisualStudioVersion = 10.0.40219.1
Project("{FAE04EC0-301F-11D3-BF4B-00C04F79EFBC}") = "O2FLO2_PRO_UART_DEBUG_TOOL", "O2FLO2_PRO_UART_DEBUG_TOOL\O2FLO2_PRO_UART_DEBUG_TOOL.csproj", "{E2D603E0-0BA0-459C-81BE-05802DD660BF}"
EndProject
Global
	GlobalSection(SolutionConfigurationPlatforms) = preSolution
		Debug|Any CPU = Debug|Any CPU
		Release|Any CPU = Release|Any CPU
	EndGlobalSection
	GlobalSection(ProjectConfigurationPlatforms) = postSolution
		{E2D603E0-0BA0-459C-81BE-05802DD660BF}.Debug|Any CPU.ActiveCfg = Debug|Any CPU
		{E2D603E0-0BA0-459C-81BE-05802DD660BF}.Debug|Any CPU.Build.0 = Debug|Any CPU
		{E2D603E0-0BA0-459C-81BE-05802DD660BF}.Release|Any CPU.ActiveCfg = Release|Any CPU
		{E2D603E0-0BA0-459C-81BE-05802DD660BF}.Release|Any CPU.Build.0 = Release|Any CPU
	EndGlobalSection
	GlobalSection(SolutionProperties) = preSolution
		HideSolutionNode = FALSE
	EndGlobalSection
	GlobalSection(ExtensibilityGlobals) = postSolution
		SolutionGuid = {014E6593-A823-4562-ABEB-062E9C5F14CF}
	EndGlobalSection
EndGlobal
